# This file is automatically @generated by Cargo.
# It is not intended for manual editing.
version = 4

[[package]]
name = "engine-client"
version = "0.1.0"
dependencies = [
 "engine-network",
]

[[package]]
name = "engine-core"
version = "0.1.0"

[[package]]
name = "engine-network"
version = "0.1.0"
dependencies = [
 "engine-core",
]

[[package]]
name = "engine-server"
version = "0.1.0"
dependencies = [
 "engine-core",
 "engine-network",
]

[[package]]
name = "sandbox-client"
version = "0.1.0"
dependencies = [
 "engine-client",
 "sandbox-server",
 "sandbox-shared",
]

[[package]]
name = "sandbox-server"
version = "0.1.0"
dependencies = [
 "engine-core",
 "engine-network",
 "engine-server",
 "sandbox-shared",
]

[[package]]
name = "sandbox-shared"
version = "0.1.0"
dependencies = [
 "engine-core",
]
